
Microsoft Visual Studio Solution File, Format Version 12.00
# Visual Studio Version 17
VisualStudioVersion = 17.11.35312.102
MinimumVisualStudioVersion = 10.0.40219.1
Project("{9A19103F-16F7-4668-BE54-9A1E7A4F7556}") = "LimitManager.API", "LimitManage.API\LimitManager.API.csproj", "{FE08BBA5-9E04-4D3E-A909-60FF7432370E}"
EndProject
Project("{FAE04EC0-301F-11D3-BF4B-00C04F79EFBC}") = "LimitManager.Application", "LimitManager.Application\LimitManager.Application.csproj", "{7A33F453-E9A9-4A2F-91F2-6A0A2AD523A2}"
EndProject
Project("{FAE04EC0-301F-11D3-BF4B-00C04F79EFBC}") = "LimitManager.Domain.Tests", "LimitManager.Tests\LimitManager.Domain.Tests.csproj", "{1B918589-F26E-4AB0-BB47-DF4A42F439C5}"
EndProject
Project("{FAE04EC0-301F-11D3-BF4B-00C04F79EFBC}") = "LimitManager.Infrastructure", "LimitManager.Infra.Data\LimitManager.Infrastructure.csproj", "{B494AECC-C80B-455C-914E-DD13EBEE1A9C}"
EndProject
Project("{FAE04EC0-301F-11D3-BF4B-00C04F79EFBC}") = "LimitManager.Domain", "LimitManager.Domain\LimitManager.Domain.csproj", "{1C669B47-F10E-4A63-BB75-A7ED0EB0F0D6}"
EndProject
Global
	GlobalSection(SolutionConfigurationPlatforms) = preSolution
		Debug|Any CPU = Debug|Any CPU
		Release|Any CPU = Release|Any CPU
	EndGlobalSection
	GlobalSection(ProjectConfigurationPlatforms) = postSolution
		{FE08BBA5-9E04-4D3E-A909-60FF7432370E}.Debug|Any CPU.ActiveCfg = Debug|Any CPU
		{FE08BBA5-9E04-4D3E-A909-60FF7432370E}.Debug|Any CPU.Build.0 = Debug|Any CPU
		{FE08BBA5-9E04-4D3E-A909-60FF7432370E}.Release|Any CPU.ActiveCfg = Release|Any CPU
		{FE08BBA5-9E04-4D3E-A909-60FF7432370E}.Release|Any CPU.Build.0 = Release|Any CPU
		{7A33F453-E9A9-4A2F-91F2-6A0A2AD523A2}.Debug|Any CPU.ActiveCfg = Debug|Any CPU
		{7A33F453-E9A9-4A2F-91F2-6A0A2AD523A2}.Debug|Any CPU.Build.0 = Debug|Any CPU
		{7A33F453-E9A9-4A2F-91F2-6A0A2AD523A2}.Release|Any CPU.ActiveCfg = Release|Any CPU
		{7A33F453-E9A9-4A2F-91F2-6A0A2AD523A2}.Release|Any CPU.Build.0 = Release|Any CPU
		{1B918589-F26E-4AB0-BB47-DF4A42F439C5}.Debug|Any CPU.ActiveCfg = Debug|Any CPU
		{1B918589-F26E-4AB0-BB47-DF4A42F439C5}.Debug|Any CPU.Build.0 = Debug|Any CPU
		{1B918589-F26E-4AB0-BB47-DF4A42F439C5}.Release|Any CPU.ActiveCfg = Release|Any CPU
		{1B918589-F26E-4AB0-BB47-DF4A42F439C5}.Release|Any CPU.Build.0 = Release|Any CPU
		{B494AECC-C80B-455C-914E-DD13EBEE1A9C}.Debug|Any CPU.ActiveCfg = Debug|Any CPU
		{B494AECC-C80B-455C-914E-DD13EBEE1A9C}.Debug|Any CPU.Build.0 = Debug|Any CPU
		{B494AECC-C80B-455C-914E-DD13EBEE1A9C}.Release|Any CPU.ActiveCfg = Release|Any CPU
		{B494AECC-C80B-455C-914E-DD13EBEE1A9C}.Release|Any CPU.Build.0 = Release|Any CPU
		{1C669B47-F10E-4A63-BB75-A7ED0EB0F0D6}.Debug|Any CPU.ActiveCfg = Debug|Any CPU
		{1C669B47-F10E-4A63-BB75-A7ED0EB0F0D6}.Debug|Any CPU.Build.0 = Debug|Any CPU
		{1C669B47-F10E-4A63-BB75-A7ED0EB0F0D6}.Release|Any CPU.ActiveCfg = Release|Any CPU
		{1C669B47-F10E-4A63-BB75-A7ED0EB0F0D6}.Release|Any CPU.Build.0 = Release|Any CPU
	EndGlobalSection
	GlobalSection(SolutionProperties) = preSolution
		HideSolutionNode = FALSE
	EndGlobalSection
	GlobalSection(ExtensibilityGlobals) = postSolution
		SolutionGuid = {4B0182B0-7EE0-4D4C-B14D-D41E8B4827FE}
	EndGlobalSection
EndGlobal
